{
  "name": "suppot-bank",
  "version": "1.0.0",
  "lockfileVersion": 2,
  "requires": true,
  "packages": {
    "": {
      "name": "suppot-bank",
      "version": "1.0.0",
      "license": "ISC",
      "dependencies": {
        "csv-parser": "^3.0.0",
        "luxon": "^3.0.4",
        "moment": "^2.29.4",
        "readline-sync": "^1.4.10"
      }
    },
    "node_modules/csv-parser": {
      "version": "3.0.0",
      "resolved": "https://registry.npmjs.org/csv-parser/-/csv-parser-3.0.0.tgz",
      "integrity": "sha512-s6OYSXAK3IdKqYO33y09jhypG/bSDHPuyCme/IdEHfWpLf/jKcpitVFyOC6UemgGk8v7Q5u2XE0vvwmanxhGlQ==",
      "dependencies": {
        "minimist": "^1.2.0"
      },
      "bin": {
        "csv-parser": "bin/csv-parser"
      },
      "engines": {
        "node": ">= 10"
      }
    },
    "node_modules/luxon": {
      "version": "3.0.4",
      "resolved": "https://registry.npmjs.org/luxon/-/luxon-3.0.4.tgz",
      "integrity": "sha512-aV48rGUwP/Vydn8HT+5cdr26YYQiUZ42NM6ToMoaGKwYfWbfLeRkEu1wXWMHBZT6+KyLfcbbtVcoQFCbbPjKlw==",
      "engines": {
        "node": ">=12"
      }
    },
    "node_modules/minimist": {
      "version": "1.2.6",
      "resolved": "https://registry.npmjs.org/minimist/-/minimist-1.2.6.tgz",
      "integrity": "sha512-Jsjnk4bw3YJqYzbdyBiNsPWHPfO++UGG749Cxs6peCu5Xg4nrena6OVxOYxrQTqww0Jmwt+Ref8rggumkTLz9Q=="
    },
    "node_modules/moment": {
      "version": "2.29.4",
      "resolved": "https://registry.npmjs.org/moment/-/moment-2.29.4.tgz",
      "integrity": "sha512-5LC9SOxjSc2HF6vO2CyuTDNivEdoz2IvyJJGj6X8DJ0eFyfszE0QiEd+iXmBvUP3WHxSjFH/vIsA0EN00cgr8w==",
      "engines": {
        "node": "*"
      }
    },
    "node_modules/readline-sync": {
      "version": "1.4.10",
      "resolved": "https://registry.npmjs.org/readline-sync/-/readline-sync-1.4.10.tgz",
      "integrity": "sha512-gNva8/6UAe8QYepIQH/jQ2qn91Qj0B9sYjMBBs3QOB8F2CXcKgLxQaJRP76sWVRQt+QU+8fAkCbCvjjMFu7Ycw==",
      "engines": {
        "node": ">= 0.8.0"
      }
    }
  },
  "dependencies": {
    "csv-parser": {
      "version": "3.0.0",
      "resolved": "https://registry.npmjs.org/csv-parser/-/csv-parser-3.0.0.tgz",
      "integrity": "sha512-s6OYSXAK3IdKqYO33y09jhypG/bSDHPuyCme/IdEHfWpLf/jKcpitVFyOC6UemgGk8v7Q5u2XE0vvwmanxhGlQ==",
      "requires": {
        "minimist": "^1.2.0"
      }
    },
    "luxon": {
      "version": "3.0.4",
      "resolved": "https://registry.npmjs.org/luxon/-/luxon-3.0.4.tgz",
      "integrity": "sha512-aV48rGUwP/Vydn8HT+5cdr26YYQiUZ42NM6ToMoaGKwYfWbfLeRkEu1wXWMHBZT6+KyLfcbbtVcoQFCbbPjKlw=="
    },
    "minimist": {
      "version": "1.2.6",
      "resolved": "https://registry.npmjs.org/minimist/-/minimist-1.2.6.tgz",
      "integrity": "sha512-Jsjnk4bw3YJqYzbdyBiNsPWHPfO++UGG749Cxs6peCu5Xg4nrena6OVxOYxrQTqww0Jmwt+Ref8rggumkTLz9Q=="
    },
    "moment": {
      "version": "2.29.4",
      "resolved": "https://registry.npmjs.org/moment/-/moment-2.29.4.tgz",
      "integrity": "sha512-5LC9SOxjSc2HF6vO2CyuTDNivEdoz2IvyJJGj6X8DJ0eFyfszE0QiEd+iXmBvUP3WHxSjFH/vIsA0EN00cgr8w=="
    },
    "readline-sync": {
      "version": "1.4.10",
      "resolved": "https://registry.npmjs.org/readline-sync/-/readline-sync-1.4.10.tgz",
      "integrity": "sha512-gNva8/6UAe8QYepIQH/jQ2qn91Qj0B9sYjMBBs3QOB8F2CXcKgLxQaJRP76sWVRQt+QU+8fAkCbCvjjMFu7Ycw=="
    }
  }
}
